
Microsoft Visual Studio Solution File, Format Version 12.00
# Visual Studio 15
VisualStudioVersion = 15.0.34112.143
MinimumVisualStudioVersion = 10.0.40219.1
Project("{8BC9CEB8-8B4A-11D0-8D11-00A0C91BC942}") = "Task2.1", "Task2.1\Task2.1.vcxproj", "{EDAABD2B-B808-4E45-AD6C-E83449CCC548}"
EndProject
Global
	GlobalSection(SolutionConfigurationPlatforms) = preSolution
		Debug|x64 = Debug|x64
		Debug|x86 = Debug|x86
		Release|x64 = Release|x64
		Release|x86 = Release|x86
	EndGlobalSection
	GlobalSection(ProjectConfigurationPlatforms) = postSolution
		{EDAABD2B-B808-4E45-AD6C-E83449CCC548}.Debug|x64.ActiveCfg = Debug|x64
		{EDAABD2B-B808-4E45-AD6C-E83449CCC548}.Debug|x64.Build.0 = Debug|x64
		{EDAABD2B-B808-4E45-AD6C-E83449CCC548}.Debug|x86.ActiveCfg = Debug|Win32
		{EDAABD2B-B808-4E45-AD6C-E83449CCC548}.Debug|x86.Build.0 = Debug|Win32
		{EDAABD2B-B808-4E45-AD6C-E83449CCC548}.Release|x64.ActiveCfg = Release|x64
		{EDAABD2B-B808-4E45-AD6C-E83449CCC548}.Release|x64.Build.0 = Release|x64
		{EDAABD2B-B808-4E45-AD6C-E83449CCC548}.Release|x86.ActiveCfg = Release|Win32
		{EDAABD2B-B808-4E45-AD6C-E83449CCC548}.Release|x86.Build.0 = Release|Win32
	EndGlobalSection
	GlobalSection(SolutionProperties) = preSolution
		HideSolutionNode = FALSE
	EndGlobalSection
	GlobalSection(ExtensibilityGlobals) = postSolution
		SolutionGuid = {16DEB3BD-07E9-4C97-B3AA-2159233C93EC}
	EndGlobalSection
EndGlobal
